{
  "name": "vetween-main",
  "lockfileVersion": 2,
  "requires": true,
  "packages": {
    "": {
      "dependencies": {
        "@ckeditor/ckeditor5-html-embed": "^34.1.0",
        "git": "^0.1.5"
      }
    },
    "node_modules/@ckeditor/ckeditor5-clipboard": {
      "version": "34.1.0",
      "resolved": "https://registry.npmjs.org/@ckeditor/ckeditor5-clipboard/-/ckeditor5-clipboard-34.1.0.tgz",
      "integrity": "sha512-j9JsV3K5F47EkqyCPN08ZC6qbKqbTQ7XINe2t75XjeenYlXGpMkuF2jxX2MjXwGtDUZLGkNG7yc+CWaGZmfd+Q==",
      "dependencies": {
        "@ckeditor/ckeditor5-core": "^34.1.0",
        "@ckeditor/ckeditor5-engine": "^34.1.0",
        "@ckeditor/ckeditor5-utils": "^34.1.0",
        "@ckeditor/ckeditor5-widget": "^34.1.0",
        "lodash-es": "^4.17.11"
      },
      "engines": {
        "node": ">=14.0.0",
        "npm": ">=5.7.1"
      }
    },
    "node_modules/@ckeditor/ckeditor5-core": {
      "version": "34.1.0",
      "resolved": "https://registry.npmjs.org/@ckeditor/ckeditor5-core/-/ckeditor5-core-34.1.0.tgz",
      "integrity": "sha512-Rz0kIE64865fgSSdVRdAK7APTeoJxXyAdATEMM9UCXOMPWlE6UjOcrOMQEmZGxQHS+iwEocl9lWXPl+hMbWqfg==",
      "dependencies": {
        "@ckeditor/ckeditor5-engine": "^34.1.0",
        "@ckeditor/ckeditor5-ui": "^34.1.0",
        "@ckeditor/ckeditor5-utils": "^34.1.0",
        "lodash-es": "^4.17.15"
      },
      "engines": {
        "node": ">=14.0.0",
        "npm": ">=5.7.1"
      }
    },
    "node_modules/@ckeditor/ckeditor5-engine": {
      "version": "34.1.0",
      "resolved": "https://registry.npmjs.org/@ckeditor/ckeditor5-engine/-/ckeditor5-engine-34.1.0.tgz",
      "integrity": "sha512-Bz4BcAl0Hhp6LIsJCypx+LoGbKQHVJjWQSq5oHYbvgrRcT57EPbepdazCtFhAVj7NrLt78ZCq1cdJSBcNASRYA==",
      "dependencies": {
        "@ckeditor/ckeditor5-utils": "^34.1.0",
        "lodash-es": "^4.17.15"
      },
      "engines": {
        "node": ">=14.0.0",
        "npm": ">=5.7.1"
      }
    },
    "node_modules/@ckeditor/ckeditor5-enter": {
      "version": "34.1.0",
      "resolved": "https://registry.npmjs.org/@ckeditor/ckeditor5-enter/-/ckeditor5-enter-34.1.0.tgz",
      "integrity": "sha512-ZN/yxTPfPToBkz1NADHgnPGtni82Bbg4n3c+757lpGGyTjKSU6eDQYwXtDokpiVdD2FTDrhL59MX2xzWQKYRuA==",
      "dependencies": {
        "@ckeditor/ckeditor5-core": "^34.1.0",
        "@ckeditor/ckeditor5-engine": "^34.1.0",
        "@ckeditor/ckeditor5-utils": "^34.1.0"
      },
      "engines": {
        "node": ">=14.0.0",
        "npm": ">=5.7.1"
      }
    },
    "node_modules/@ckeditor/ckeditor5-html-embed": {
      "version": "34.1.0",
      "resolved": "https://registry.npmjs.org/@ckeditor/ckeditor5-html-embed/-/ckeditor5-html-embed-34.1.0.tgz",
      "integrity": "sha512-x3qDro1DaqAHppSRhmUyWwjhNhEN0yzhG+LJcZsTrDhiMglugZ3eeiSmvNNx+vvLzr306WdavlDPujmR9wqdug==",
      "dependencies": {
        "ckeditor5": "^34.1.0"
      },
      "engines": {
        "node": ">=14.0.0",
        "npm": ">=5.7.1"
      }
    },
    "node_modules/@ckeditor/ckeditor5-paragraph": {
      "version": "34.1.0",
      "resolved": "https://registry.npmjs.org/@ckeditor/ckeditor5-paragraph/-/ckeditor5-paragraph-34.1.0.tgz",
      "integrity": "sha512-17tOw3hqguYkXymDUgUM7+fnwZf+0Dy/nHZ7/NK/4geAdh/FwvCPTnJE0NBsNQ3a3Erd682oYXDs32ecTwE6xA==",
      "dependencies": {
        "@ckeditor/ckeditor5-core": "^34.1.0",
        "@ckeditor/ckeditor5-ui": "^34.1.0",
        "@ckeditor/ckeditor5-utils": "^34.1.0"
      },
      "engines": {
        "node": ">=14.0.0",
        "npm": ">=5.7.1"
      }
    },
    "node_modules/@ckeditor/ckeditor5-select-all": {
      "version": "34.1.0",
      "resolved": "https://registry.npmjs.org/@ckeditor/ckeditor5-select-all/-/ckeditor5-select-all-34.1.0.tgz",
      "integrity": "sha512-ia4cJdROsisx0H8nczQ08qo1du+C1dM+sPUHgaAf1o1N3KfgH81id7s4ILtyvz/fEqCmSIGxKW7MRn36ex/lcA==",
      "dependencies": {
        "@ckeditor/ckeditor5-core": "^34.1.0",
        "@ckeditor/ckeditor5-ui": "^34.1.0",
        "@ckeditor/ckeditor5-utils": "^34.1.0"
      },
      "engines": {
        "node": ">=14.0.0",
        "npm": ">=5.7.1"
      }
    },
    "node_modules/@ckeditor/ckeditor5-typing": {
      "version": "34.1.0",
      "resolved": "https://registry.npmjs.org/@ckeditor/ckeditor5-typing/-/ckeditor5-typing-34.1.0.tgz",
      "integrity": "sha512-KcO6Yr3RJboNL0Ta/+a+lWOJnjLbomhemJ42fxp6JWMyCh1A5x6Iom9GGt1qS7BSh/5l3/prQBr11ZTvzr1ERQ==",
      "dependencies": {
        "@ckeditor/ckeditor5-core": "^34.1.0",
        "@ckeditor/ckeditor5-engine": "^34.1.0",
        "@ckeditor/ckeditor5-utils": "^34.1.0",
        "lodash-es": "^4.17.15"
      },
      "engines": {
        "node": ">=14.0.0",
        "npm": ">=5.7.1"
      }
    },
    "node_modules/@ckeditor/ckeditor5-ui": {
      "version": "34.1.0",
      "resolved": "https://registry.npmjs.org/@ckeditor/ckeditor5-ui/-/ckeditor5-ui-34.1.0.tgz",
      "integrity": "sha512-cxySS7cj1xLz/Qh5VwQjHo399pU3ngCXkzQZnKlsFKqq7SPZghvzmaiYmqjlvlcmf4Idbm/IxMJXEPyLxpYrJw==",
      "dependencies": {
        "@ckeditor/ckeditor5-core": "^34.1.0",
        "@ckeditor/ckeditor5-utils": "^34.1.0",
        "lodash-es": "^4.17.15"
      },
      "engines": {
        "node": ">=14.0.0",
        "npm": ">=5.7.1"
      }
    },
    "node_modules/@ckeditor/ckeditor5-undo": {
      "version": "34.1.0",
      "resolved": "https://registry.npmjs.org/@ckeditor/ckeditor5-undo/-/ckeditor5-undo-34.1.0.tgz",
      "integrity": "sha512-+NXfCtbPeaacXWc54qQwGE2GT7chThqb5I8FqysD3kfM1q2mvzbFGMO9ADqz/uG3HgAViqbkxqnZOgziZeOkog==",
      "dependencies": {
        "@ckeditor/ckeditor5-core": "^34.1.0",
        "@ckeditor/ckeditor5-engine": "^34.1.0",
        "@ckeditor/ckeditor5-ui": "^34.1.0"
      },
      "engines": {
        "node": ">=14.0.0",
        "npm": ">=5.7.1"
      }
    },
    "node_modules/@ckeditor/ckeditor5-upload": {
      "version": "34.1.0",
      "resolved": "https://registry.npmjs.org/@ckeditor/ckeditor5-upload/-/ckeditor5-upload-34.1.0.tgz",
      "integrity": "sha512-Wxy0ucz4k0zD9ulpDGzlBb8z3JJRZ93UXfie5GFUUEN4M5nPH5oIt8eaV3hDkzqvyIubq/HOOsqYW6js7KtWsw==",
      "dependencies": {
        "@ckeditor/ckeditor5-core": "^34.1.0",
        "@ckeditor/ckeditor5-ui": "^34.1.0",
        "@ckeditor/ckeditor5-utils": "^34.1.0"
      },
      "engines": {
        "node": ">=14.0.0",
        "npm": ">=5.7.1"
      }
    },
    "node_modules/@ckeditor/ckeditor5-utils": {
      "version": "34.1.0",
      "resolved": "https://registry.npmjs.org/@ckeditor/ckeditor5-utils/-/ckeditor5-utils-34.1.0.tgz",
      "integrity": "sha512-laXIFkcGeL3NRG1zVNaiZNOcjHnLVqs2gvp6PaBaw6HigZdQWzPIA07FRfamIajMryG29vgcatBYAYgutKlPhQ==",
      "dependencies": {
        "lodash-es": "^4.17.15"
      },
      "engines": {
        "node": ">=14.0.0",
        "npm": ">=5.7.1"
      }
    },
    "node_modules/@ckeditor/ckeditor5-widget": {
      "version": "34.1.0",
      "resolved": "https://registry.npmjs.org/@ckeditor/ckeditor5-widget/-/ckeditor5-widget-34.1.0.tgz",
      "integrity": "sha512-9q/wouwZ760WPY5SZzAFj6aITqPHkQrNrokYzI1tN3A6VCcG4+3AJjgHE5TWWYLfFvqRK2WvSTV1Ntf6ztBa4w==",
      "dependencies": {
        "@ckeditor/ckeditor5-core": "^34.1.0",
        "@ckeditor/ckeditor5-engine": "^34.1.0",
        "@ckeditor/ckeditor5-enter": "^34.1.0",
        "@ckeditor/ckeditor5-typing": "^34.1.0",
        "@ckeditor/ckeditor5-ui": "^34.1.0",
        "@ckeditor/ckeditor5-utils": "^34.1.0",
        "lodash-es": "^4.17.15"
      },
      "engines": {
        "node": ">=14.0.0",
        "npm": ">=5.7.1"
      }
    },
    "node_modules/ckeditor5": {
      "version": "34.1.0",
      "resolved": "https://registry.npmjs.org/ckeditor5/-/ckeditor5-34.1.0.tgz",
      "integrity": "sha512-bWcmXEx4C7AC+FywiTrhbs63mUc8vwEualSDzyJIZLd5HULLznqJwjeON/icKtzCiBLEeUFoeDHLC5yWAEj8sA==",
      "dependencies": {
        "@ckeditor/ckeditor5-clipboard": "^34.1.0",
        "@ckeditor/ckeditor5-core": "^34.1.0",
        "@ckeditor/ckeditor5-engine": "^34.1.0",
        "@ckeditor/ckeditor5-enter": "^34.1.0",
        "@ckeditor/ckeditor5-paragraph": "^34.1.0",
        "@ckeditor/ckeditor5-select-all": "^34.1.0",
        "@ckeditor/ckeditor5-typing": "^34.1.0",
        "@ckeditor/ckeditor5-ui": "^34.1.0",
        "@ckeditor/ckeditor5-undo": "^34.1.0",
        "@ckeditor/ckeditor5-upload": "^34.1.0",
        "@ckeditor/ckeditor5-utils": "^34.1.0",
        "@ckeditor/ckeditor5-widget": "^34.1.0"
      },
      "engines": {
        "node": ">=14.0.0",
        "npm": ">=5.7.1"
      }
    },
    "node_modules/git": {
      "version": "0.1.5",
      "resolved": "https://registry.npmjs.org/git/-/git-0.1.5.tgz",
      "integrity": "sha1-nvYt+T+FHCdUIUO/UtHGixAXyhU=",
      "dependencies": {
        "mime": "1.2.9"
      },
      "engines": {
        "node": ">=0.4.0"
      }
    },
    "node_modules/lodash-es": {
      "version": "4.17.21",
      "resolved": "https://registry.npmjs.org/lodash-es/-/lodash-es-4.17.21.tgz",
      "integrity": "sha512-mKnC+QJ9pWVzv+C4/U3rRsHapFfHvQFoFB92e52xeyGMcX6/OlIl78je1u8vePzYZSkkogMPJ2yjxxsb89cxyw=="
    },
    "node_modules/mime": {
      "version": "1.2.9",
      "resolved": "https://registry.npmjs.org/mime/-/mime-1.2.9.tgz",
      "integrity": "sha1-AJzUCGe9Nd5SGzuWbwTi+NTRPQk="
    }
  },
  "dependencies": {
    "@ckeditor/ckeditor5-clipboard": {
      "version": "34.1.0",
      "resolved": "https://registry.npmjs.org/@ckeditor/ckeditor5-clipboard/-/ckeditor5-clipboard-34.1.0.tgz",
      "integrity": "sha512-j9JsV3K5F47EkqyCPN08ZC6qbKqbTQ7XINe2t75XjeenYlXGpMkuF2jxX2MjXwGtDUZLGkNG7yc+CWaGZmfd+Q==",
      "requires": {
        "@ckeditor/ckeditor5-core": "^34.1.0",
        "@ckeditor/ckeditor5-engine": "^34.1.0",
        "@ckeditor/ckeditor5-utils": "^34.1.0",
        "@ckeditor/ckeditor5-widget": "^34.1.0",
        "lodash-es": "^4.17.11"
      }
    },
    "@ckeditor/ckeditor5-core": {
      "version": "34.1.0",
      "resolved": "https://registry.npmjs.org/@ckeditor/ckeditor5-core/-/ckeditor5-core-34.1.0.tgz",
      "integrity": "sha512-Rz0kIE64865fgSSdVRdAK7APTeoJxXyAdATEMM9UCXOMPWlE6UjOcrOMQEmZGxQHS+iwEocl9lWXPl+hMbWqfg==",
      "requires": {
        "@ckeditor/ckeditor5-engine": "^34.1.0",
        "@ckeditor/ckeditor5-ui": "^34.1.0",
        "@ckeditor/ckeditor5-utils": "^34.1.0",
        "lodash-es": "^4.17.15"
      }
    },
    "@ckeditor/ckeditor5-engine": {
      "version": "34.1.0",
      "resolved": "https://registry.npmjs.org/@ckeditor/ckeditor5-engine/-/ckeditor5-engine-34.1.0.tgz",
      "integrity": "sha512-Bz4BcAl0Hhp6LIsJCypx+LoGbKQHVJjWQSq5oHYbvgrRcT57EPbepdazCtFhAVj7NrLt78ZCq1cdJSBcNASRYA==",
      "requires": {
        "@ckeditor/ckeditor5-utils": "^34.1.0",
        "lodash-es": "^4.17.15"
      }
    },
    "@ckeditor/ckeditor5-enter": {
      "version": "34.1.0",
      "resolved": "https://registry.npmjs.org/@ckeditor/ckeditor5-enter/-/ckeditor5-enter-34.1.0.tgz",
      "integrity": "sha512-ZN/yxTPfPToBkz1NADHgnPGtni82Bbg4n3c+757lpGGyTjKSU6eDQYwXtDokpiVdD2FTDrhL59MX2xzWQKYRuA==",
      "requires": {
        "@ckeditor/ckeditor5-core": "^34.1.0",
        "@ckeditor/ckeditor5-engine": "^34.1.0",
        "@ckeditor/ckeditor5-utils": "^34.1.0"
      }
    },
    "@ckeditor/ckeditor5-html-embed": {
      "version": "34.1.0",
      "resolved": "https://registry.npmjs.org/@ckeditor/ckeditor5-html-embed/-/ckeditor5-html-embed-34.1.0.tgz",
      "integrity": "sha512-x3qDro1DaqAHppSRhmUyWwjhNhEN0yzhG+LJcZsTrDhiMglugZ3eeiSmvNNx+vvLzr306WdavlDPujmR9wqdug==",
      "requires": {
        "ckeditor5": "^34.1.0"
      }
    },
    "@ckeditor/ckeditor5-paragraph": {
      "version": "34.1.0",
      "resolved": "https://registry.npmjs.org/@ckeditor/ckeditor5-paragraph/-/ckeditor5-paragraph-34.1.0.tgz",
      "integrity": "sha512-17tOw3hqguYkXymDUgUM7+fnwZf+0Dy/nHZ7/NK/4geAdh/FwvCPTnJE0NBsNQ3a3Erd682oYXDs32ecTwE6xA==",
      "requires": {
        "@ckeditor/ckeditor5-core": "^34.1.0",
        "@ckeditor/ckeditor5-ui": "^34.1.0",
        "@ckeditor/ckeditor5-utils": "^34.1.0"
      }
    },
    "@ckeditor/ckeditor5-select-all": {
      "version": "34.1.0",
      "resolved": "https://registry.npmjs.org/@ckeditor/ckeditor5-select-all/-/ckeditor5-select-all-34.1.0.tgz",
      "integrity": "sha512-ia4cJdROsisx0H8nczQ08qo1du+C1dM+sPUHgaAf1o1N3KfgH81id7s4ILtyvz/fEqCmSIGxKW7MRn36ex/lcA==",
      "requires": {
        "@ckeditor/ckeditor5-core": "^34.1.0",
        "@ckeditor/ckeditor5-ui": "^34.1.0",
        "@ckeditor/ckeditor5-utils": "^34.1.0"
      }
    },
    "@ckeditor/ckeditor5-typing": {
      "version": "34.1.0",
      "resolved": "https://registry.npmjs.org/@ckeditor/ckeditor5-typing/-/ckeditor5-typing-34.1.0.tgz",
      "integrity": "sha512-KcO6Yr3RJboNL0Ta/+a+lWOJnjLbomhemJ42fxp6JWMyCh1A5x6Iom9GGt1qS7BSh/5l3/prQBr11ZTvzr1ERQ==",
      "requires": {
        "@ckeditor/ckeditor5-core": "^34.1.0",
        "@ckeditor/ckeditor5-engine": "^34.1.0",
        "@ckeditor/ckeditor5-utils": "^34.1.0",
        "lodash-es": "^4.17.15"
      }
    },
    "@ckeditor/ckeditor5-ui": {
      "version": "34.1.0",
      "resolved": "https://registry.npmjs.org/@ckeditor/ckeditor5-ui/-/ckeditor5-ui-34.1.0.tgz",
      "integrity": "sha512-cxySS7cj1xLz/Qh5VwQjHo399pU3ngCXkzQZnKlsFKqq7SPZghvzmaiYmqjlvlcmf4Idbm/IxMJXEPyLxpYrJw==",
      "requires": {
        "@ckeditor/ckeditor5-core": "^34.1.0",
        "@ckeditor/ckeditor5-utils": "^34.1.0",
        "lodash-es": "^4.17.15"
      }
    },
    "@ckeditor/ckeditor5-undo": {
      "version": "34.1.0",
      "resolved": "https://registry.npmjs.org/@ckeditor/ckeditor5-undo/-/ckeditor5-undo-34.1.0.tgz",
      "integrity": "sha512-+NXfCtbPeaacXWc54qQwGE2GT7chThqb5I8FqysD3kfM1q2mvzbFGMO9ADqz/uG3HgAViqbkxqnZOgziZeOkog==",
      "requires": {
        "@ckeditor/ckeditor5-core": "^34.1.0",
        "@ckeditor/ckeditor5-engine": "^34.1.0",
        "@ckeditor/ckeditor5-ui": "^34.1.0"
      }
    },
    "@ckeditor/ckeditor5-upload": {
      "version": "34.1.0",
      "resolved": "https://registry.npmjs.org/@ckeditor/ckeditor5-upload/-/ckeditor5-upload-34.1.0.tgz",
      "integrity": "sha512-Wxy0ucz4k0zD9ulpDGzlBb8z3JJRZ93UXfie5GFUUEN4M5nPH5oIt8eaV3hDkzqvyIubq/HOOsqYW6js7KtWsw==",
      "requires": {
        "@ckeditor/ckeditor5-core": "^34.1.0",
        "@ckeditor/ckeditor5-ui": "^34.1.0",
        "@ckeditor/ckeditor5-utils": "^34.1.0"
      }
    },
    "@ckeditor/ckeditor5-utils": {
      "version": "34.1.0",
      "resolved": "https://registry.npmjs.org/@ckeditor/ckeditor5-utils/-/ckeditor5-utils-34.1.0.tgz",
      "integrity": "sha512-laXIFkcGeL3NRG1zVNaiZNOcjHnLVqs2gvp6PaBaw6HigZdQWzPIA07FRfamIajMryG29vgcatBYAYgutKlPhQ==",
      "requires": {
        "lodash-es": "^4.17.15"
      }
    },
    "@ckeditor/ckeditor5-widget": {
      "version": "34.1.0",
      "resolved": "https://registry.npmjs.org/@ckeditor/ckeditor5-widget/-/ckeditor5-widget-34.1.0.tgz",
      "integrity": "sha512-9q/wouwZ760WPY5SZzAFj6aITqPHkQrNrokYzI1tN3A6VCcG4+3AJjgHE5TWWYLfFvqRK2WvSTV1Ntf6ztBa4w==",
      "requires": {
        "@ckeditor/ckeditor5-core": "^34.1.0",
        "@ckeditor/ckeditor5-engine": "^34.1.0",
        "@ckeditor/ckeditor5-enter": "^34.1.0",
        "@ckeditor/ckeditor5-typing": "^34.1.0",
        "@ckeditor/ckeditor5-ui": "^34.1.0",
        "@ckeditor/ckeditor5-utils": "^34.1.0",
        "lodash-es": "^4.17.15"
      }
    },
    "ckeditor5": {
      "version": "34.1.0",
      "resolved": "https://registry.npmjs.org/ckeditor5/-/ckeditor5-34.1.0.tgz",
      "integrity": "sha512-bWcmXEx4C7AC+FywiTrhbs63mUc8vwEualSDzyJIZLd5HULLznqJwjeON/icKtzCiBLEeUFoeDHLC5yWAEj8sA==",
      "requires": {
        "@ckeditor/ckeditor5-clipboard": "^34.1.0",
        "@ckeditor/ckeditor5-core": "^34.1.0",
        "@ckeditor/ckeditor5-engine": "^34.1.0",
        "@ckeditor/ckeditor5-enter": "^34.1.0",
        "@ckeditor/ckeditor5-paragraph": "^34.1.0",
        "@ckeditor/ckeditor5-select-all": "^34.1.0",
        "@ckeditor/ckeditor5-typing": "^34.1.0",
        "@ckeditor/ckeditor5-ui": "^34.1.0",
        "@ckeditor/ckeditor5-undo": "^34.1.0",
        "@ckeditor/ckeditor5-upload": "^34.1.0",
        "@ckeditor/ckeditor5-utils": "^34.1.0",
        "@ckeditor/ckeditor5-widget": "^34.1.0"
      }
    },
    "git": {
      "version": "0.1.5",
      "resolved": "https://registry.npmjs.org/git/-/git-0.1.5.tgz",
      "integrity": "sha1-nvYt+T+FHCdUIUO/UtHGixAXyhU=",
      "requires": {
        "mime": "1.2.9"
      }
    },
    "lodash-es": {
      "version": "4.17.21",
      "resolved": "https://registry.npmjs.org/lodash-es/-/lodash-es-4.17.21.tgz",
      "integrity": "sha512-mKnC+QJ9pWVzv+C4/U3rRsHapFfHvQFoFB92e52xeyGMcX6/OlIl78je1u8vePzYZSkkogMPJ2yjxxsb89cxyw=="
    },
    "mime": {
      "version": "1.2.9",
      "resolved": "https://registry.npmjs.org/mime/-/mime-1.2.9.tgz",
      "integrity": "sha1-AJzUCGe9Nd5SGzuWbwTi+NTRPQk="
    }
  }
}
